
Microsoft Visual Studio Solution File, Format Version 12.00
# Visual Studio 15
VisualStudioVersion = 15.0.28307.572
MinimumVisualStudioVersion = 10.0.40219.1
Project("{2150E333-8FDC-42A3-9474-1A3956D46DE8}") = "submodules", "submodules", "{F05C0CBB-CB76-4FD7-8EAE-F840A161DA3B}"
EndProject
Project("{9A19103F-16F7-4668-BE54-9A1E7A4F7556}") = "DVPF.Core", "..\dvpf\DVPF.Core\DVPF.Core.csproj", "{C7E32A90-9C43-44F3-99FF-C96CC7E11956}"
EndProject
Project("{9A19103F-16F7-4668-BE54-9A1E7A4F7556}") = "OsuStatePresenter", "..\osu-state-presenter\OsuStatePresenter\OsuStatePresenter.csproj", "{863DA1A0-8886-4F50-A075-9381202F9EDA}"
EndProject
Project("{2150E333-8FDC-42A3-9474-1A3956D46DE8}") = "osu-memory", "osu-memory", "{B707F8B2-332C-4DBE-A4AC-14CD21407805}"
EndProject
Project("{9A19103F-16F7-4668-BE54-9A1E7A4F7556}") = "ProcessMemoryDataFinder", "..\osu-state-presenter\submodules\Piotrekol\ProcessMemoryDataFinder\ProcessMemoryDataFinder\ProcessMemoryDataFinder.csproj", "{C661EFB8-4F9C-486E-989C-8412656BD938}"
EndProject
Project("{9A19103F-16F7-4668-BE54-9A1E7A4F7556}") = "OsuMemoryDataProvider", "..\osu-state-presenter\submodules\Piotrekol\ProcessMemoryDataFinder\OsuMemoryDataProvider\OsuMemoryDataProvider.csproj", "{340A877E-0FF4-4830-B6B2-879F7217C06E}"
EndProject
Project("{9A19103F-16F7-4668-BE54-9A1E7A4F7556}") = "Fleck", "submodules\statianzo\Fleck\src\Fleck\Fleck.csproj", "{427BBB18-6B71-4F0B-A695-573B5EE5EB2B}"
EndProject
Project("{9A19103F-16F7-4668-BE54-9A1E7A4F7556}") = "Web", "Web\Web.csproj", "{6450AE8C-4241-423F-8AFB-9260D8A5B0F7}"
EndProject
Global
	GlobalSection(SolutionConfigurationPlatforms) = preSolution
		Debug|Any CPU = Debug|Any CPU
		Debug|x86 = Debug|x86
		Release|Any CPU = Release|Any CPU
		Release|x86 = Release|x86
	EndGlobalSection
	GlobalSection(ProjectConfigurationPlatforms) = postSolution
		{C7E32A90-9C43-44F3-99FF-C96CC7E11956}.Debug|Any CPU.ActiveCfg = Debug|Any CPU
		{C7E32A90-9C43-44F3-99FF-C96CC7E11956}.Debug|Any CPU.Build.0 = Debug|Any CPU
		{C7E32A90-9C43-44F3-99FF-C96CC7E11956}.Debug|x86.ActiveCfg = Debug|x86
		{C7E32A90-9C43-44F3-99FF-C96CC7E11956}.Debug|x86.Build.0 = Debug|x86
		{C7E32A90-9C43-44F3-99FF-C96CC7E11956}.Release|Any CPU.ActiveCfg = Release|Any CPU
		{C7E32A90-9C43-44F3-99FF-C96CC7E11956}.Release|Any CPU.Build.0 = Release|Any CPU
		{C7E32A90-9C43-44F3-99FF-C96CC7E11956}.Release|x86.ActiveCfg = Release|x86
		{C7E32A90-9C43-44F3-99FF-C96CC7E11956}.Release|x86.Build.0 = Release|x86
		{863DA1A0-8886-4F50-A075-9381202F9EDA}.Debug|Any CPU.ActiveCfg = Debug|Any CPU
		{863DA1A0-8886-4F50-A075-9381202F9EDA}.Debug|Any CPU.Build.0 = Debug|Any CPU
		{863DA1A0-8886-4F50-A075-9381202F9EDA}.Debug|x86.ActiveCfg = Debug|x86
		{863DA1A0-8886-4F50-A075-9381202F9EDA}.Debug|x86.Build.0 = Debug|x86
		{863DA1A0-8886-4F50-A075-9381202F9EDA}.Release|Any CPU.ActiveCfg = Release|Any CPU
		{863DA1A0-8886-4F50-A075-9381202F9EDA}.Release|Any CPU.Build.0 = Release|Any CPU
		{863DA1A0-8886-4F50-A075-9381202F9EDA}.Release|x86.ActiveCfg = Release|x86
		{863DA1A0-8886-4F50-A075-9381202F9EDA}.Release|x86.Build.0 = Release|x86
		{C661EFB8-4F9C-486E-989C-8412656BD938}.Debug|Any CPU.ActiveCfg = Debug|Any CPU
		{C661EFB8-4F9C-486E-989C-8412656BD938}.Debug|Any CPU.Build.0 = Debug|Any CPU
		{C661EFB8-4F9C-486E-989C-8412656BD938}.Debug|x86.ActiveCfg = Debug|x86
		{C661EFB8-4F9C-486E-989C-8412656BD938}.Debug|x86.Build.0 = Debug|x86
		{C661EFB8-4F9C-486E-989C-8412656BD938}.Release|Any CPU.ActiveCfg = Release|Any CPU
		{C661EFB8-4F9C-486E-989C-8412656BD938}.Release|Any CPU.Build.0 = Release|Any CPU
		{C661EFB8-4F9C-486E-989C-8412656BD938}.Release|x86.ActiveCfg = Release|x86
		{C661EFB8-4F9C-486E-989C-8412656BD938}.Release|x86.Build.0 = Release|x86
		{340A877E-0FF4-4830-B6B2-879F7217C06E}.Debug|Any CPU.ActiveCfg = Debug|Any CPU
		{340A877E-0FF4-4830-B6B2-879F7217C06E}.Debug|Any CPU.Build.0 = Debug|Any CPU
		{340A877E-0FF4-4830-B6B2-879F7217C06E}.Debug|x86.ActiveCfg = Debug|x86
		{340A877E-0FF4-4830-B6B2-879F7217C06E}.Debug|x86.Build.0 = Debug|x86
		{340A877E-0FF4-4830-B6B2-879F7217C06E}.Release|Any CPU.ActiveCfg = Release|Any CPU
		{340A877E-0FF4-4830-B6B2-879F7217C06E}.Release|Any CPU.Build.0 = Release|Any CPU
		{340A877E-0FF4-4830-B6B2-879F7217C06E}.Release|x86.ActiveCfg = Release|x86
		{340A877E-0FF4-4830-B6B2-879F7217C06E}.Release|x86.Build.0 = Release|x86
		{427BBB18-6B71-4F0B-A695-573B5EE5EB2B}.Debug|Any CPU.ActiveCfg = Debug|Any CPU
		{427BBB18-6B71-4F0B-A695-573B5EE5EB2B}.Debug|Any CPU.Build.0 = Debug|Any CPU
		{427BBB18-6B71-4F0B-A695-573B5EE5EB2B}.Debug|x86.ActiveCfg = Debug|Any CPU
		{427BBB18-6B71-4F0B-A695-573B5EE5EB2B}.Debug|x86.Build.0 = Debug|Any CPU
		{427BBB18-6B71-4F0B-A695-573B5EE5EB2B}.Release|Any CPU.ActiveCfg = Release|Any CPU
		{427BBB18-6B71-4F0B-A695-573B5EE5EB2B}.Release|Any CPU.Build.0 = Release|Any CPU
		{427BBB18-6B71-4F0B-A695-573B5EE5EB2B}.Release|x86.ActiveCfg = Release|Any CPU
		{427BBB18-6B71-4F0B-A695-573B5EE5EB2B}.Release|x86.Build.0 = Release|Any CPU
		{6450AE8C-4241-423F-8AFB-9260D8A5B0F7}.Debug|Any CPU.ActiveCfg = Debug|Any CPU
		{6450AE8C-4241-423F-8AFB-9260D8A5B0F7}.Debug|Any CPU.Build.0 = Debug|Any CPU
		{6450AE8C-4241-423F-8AFB-9260D8A5B0F7}.Debug|x86.ActiveCfg = Debug|x86
		{6450AE8C-4241-423F-8AFB-9260D8A5B0F7}.Debug|x86.Build.0 = Debug|x86
		{6450AE8C-4241-423F-8AFB-9260D8A5B0F7}.Release|Any CPU.ActiveCfg = Release|Any CPU
		{6450AE8C-4241-423F-8AFB-9260D8A5B0F7}.Release|Any CPU.Build.0 = Release|Any CPU
		{6450AE8C-4241-423F-8AFB-9260D8A5B0F7}.Release|x86.ActiveCfg = Release|x86
		{6450AE8C-4241-423F-8AFB-9260D8A5B0F7}.Release|x86.Build.0 = Release|x86
	EndGlobalSection
	GlobalSection(SolutionProperties) = preSolution
		HideSolutionNode = FALSE
	EndGlobalSection
	GlobalSection(NestedProjects) = preSolution
		{C7E32A90-9C43-44F3-99FF-C96CC7E11956} = {F05C0CBB-CB76-4FD7-8EAE-F840A161DA3B}
		{863DA1A0-8886-4F50-A075-9381202F9EDA} = {F05C0CBB-CB76-4FD7-8EAE-F840A161DA3B}
		{B707F8B2-332C-4DBE-A4AC-14CD21407805} = {F05C0CBB-CB76-4FD7-8EAE-F840A161DA3B}
		{C661EFB8-4F9C-486E-989C-8412656BD938} = {B707F8B2-332C-4DBE-A4AC-14CD21407805}
		{340A877E-0FF4-4830-B6B2-879F7217C06E} = {B707F8B2-332C-4DBE-A4AC-14CD21407805}
		{427BBB18-6B71-4F0B-A695-573B5EE5EB2B} = {F05C0CBB-CB76-4FD7-8EAE-F840A161DA3B}
	EndGlobalSection
	GlobalSection(ExtensibilityGlobals) = postSolution
		SolutionGuid = {78F2B499-B176-43A4-9531-A23E9EF83006}
	EndGlobalSection
EndGlobal
